
Microsoft Visual Studio Solution File, Format Version 12.00
# Visual Studio Version 17
VisualStudioVersion = 17.3.32929.385
MinimumVisualStudioVersion = 10.0.40219.1
Project("{9A19103F-16F7-4668-BE54-9A1E7A4F7556}") = "IO.Swagger", "src\IO.Swagger\IO.Swagger.csproj", "{EA90BF8A-C294-4F6B-B82C-8256A28B1873}"
EndProject
Global
	GlobalSection(SolutionConfigurationPlatforms) = preSolution
		Debug|Any CPU = Debug|Any CPU
		Release|Any CPU = Release|Any CPU
	EndGlobalSection
	GlobalSection(ProjectConfigurationPlatforms) = postSolution
		{EA90BF8A-C294-4F6B-B82C-8256A28B1873}.Debug|Any CPU.ActiveCfg = Debug|Any CPU
		{EA90BF8A-C294-4F6B-B82C-8256A28B1873}.Debug|Any CPU.Build.0 = Debug|Any CPU
		{EA90BF8A-C294-4F6B-B82C-8256A28B1873}.Release|Any CPU.ActiveCfg = Release|Any CPU
		{EA90BF8A-C294-4F6B-B82C-8256A28B1873}.Release|Any CPU.Build.0 = Release|Any CPU
	EndGlobalSection
	GlobalSection(SolutionProperties) = preSolution
		HideSolutionNode = FALSE
	EndGlobalSection
	GlobalSection(ExtensibilityGlobals) = postSolution
		SolutionGuid = {2E62417A-BB6E-4A58-A982-6D38FAFF84F6}
	EndGlobalSection
EndGlobal
